// !$*UTF8*$!
{
	archiveVersion = 1;
	classes = {
	};
	objectVersion = 46;
	objects = {

/* Begin PBXBuildFile section */
		4C6EDAE21E3BEB6700F990DB /* AppDelegate.swift in Sources */ = {isa = PBXBuildFile; fileRef = 4C6EDAE11E3BEB6700F990DB /* AppDelegate.swift */; };
		4C6EDAE41E3BEB6700F990DB /* ViewController.swift in Sources */ = {isa = PBXBuildFile; fileRef = 4C6EDAE31E3BEB6700F990DB /* ViewController.swift */; };
		4C6EDAE71E3BEB6700F990DB /* Main.storyboard in Resources */ = {isa = PBXBuildFile; fileRef = 4C6EDAE51E3BEB6700F990DB /* Main.storyboard */; };
		4C6EDAE91E3BEB6700F990DB /* Assets.xcassets in Resources */ = {isa = PBXBuildFile; fileRef = 4C6EDAE81E3BEB6700F990DB /* Assets.xcassets */; };
		4C6EDAEC1E3BEB6700F990DB /* LaunchScreen.storyboard in Resources */ = {isa = PBXBuildFile; fileRef = 4C6EDAEA1E3BEB6700F990DB /* LaunchScreen.storyboard */; };
		4C6EDAF71E3BEB6700F990DB /* NetworkIntroTests.swift in Sources */ = {isa = PBXBuildFile; fileRef = 4C6EDAF61E3BEB6700F990DB /* NetworkIntroTests.swift */; };
		4C6EDB021E3BEB6700F990DB /* NetworkIntroUITests.swift in Sources */ = {isa = PBXBuildFile; fileRef = 4C6EDB011E3BEB6700F990DB /* NetworkIntroUITests.swift */; };
/* End PBXBuildFile section */

/* Begin PBXContainerItemProxy section */
		4C6EDAF31E3BEB6700F990DB /* PBXContainerItemProxy */ = {
			isa = PBXContainerItemProxy;
			containerPortal = 4C6EDAD61E3BEB6700F990DB /* Project object */;
			proxyType = 1;
			remoteGlobalIDString = 4C6EDADD1E3BEB6700F990DB;
			remoteInfo = NetworkIntro;
		};
		4C6EDAFE1E3BEB6700F990DB /* PBXContainerItemProxy */ = {
			isa = PBXContainerItemProxy;
			containerPortal = 4C6EDAD61E3BEB6700F990DB /* Project object */;
			proxyType = 1;
			remoteGlobalIDString = 4C6EDADD1E3BEB6700F990DB;
			remoteInfo = NetworkIntro;
		};
/* End PBXContainerItemProxy section */

/* Begin PBXFileReference section */
		4C6EDADE1E3BEB6700F990DB /* NetworkIntro.app */ = {isa = PBXFileReference; explicitFileType = wrapper.application; includeInIndex = 0; path = NetworkIntro.app; sourceTree = BUILT_PRODUCTS_DIR; };
		4C6EDAE11E3BEB6700F990DB /* AppDelegate.swift */ = {isa = PBXFileReference; lastKnownFileType = sourcecode.swift; path = AppDelegate.swift; sourceTree = "<group>"; };
		4C6EDAE31E3BEB6700F990DB /* ViewController.swift */ = {isa = PBXFileReference; lastKnownFileType = sourcecode.swift; path = ViewController.swift; sourceTree = "<group>"; };
		4C6EDAE61E3BEB6700F990DB /* Base */ = {isa = PBXFileReference; lastKnownFileType = file.storyboard; name = Base; path = Base.lproj/Main.storyboard; sourceTree = "<group>"; };
		4C6EDAE81E3BEB6700F990DB /* Assets.xcassets */ = {isa = PBXFileReference; lastKnownFileType = folder.assetcatalog; path = Assets.xcassets; sourceTree = "<group>"; };
		4C6EDAEB1E3BEB6700F990DB /* Base */ = {isa = PBXFileReference; lastKnownFileType = file.storyboard; name = Base; path = Base.lproj/LaunchScreen.storyboard; sourceTree = "<group>"; };
		4C6EDAED1E3BEB6700F990DB /* Info.plist */ = {isa = PBXFileReference; lastKnownFileType = text.plist.xml; path = Info.plist; sourceTree = "<group>"; };
		4C6EDAF21E3BEB6700F990DB /* NetworkIntroTests.xctest */ = {isa = PBXFileReference; explicitFileType = wrapper.cfbundle; includeInIndex = 0; path = NetworkIntroTests.xctest; sourceTree = BUILT_PRODUCTS_DIR; };
		4C6EDAF61E3BEB6700F990DB /* NetworkIntroTests.swift */ = {isa = PBXFileReference; lastKnownFileType = sourcecode.swift; path = NetworkIntroTests.swift; sourceTree = "<group>"; };
		4C6EDAF81E3BEB6700F990DB /* Info.plist */ = {isa = PBXFileReference; lastKnownFileType = text.plist.xml; path = Info.plist; sourceTree = "<group>"; };
		4C6EDAFD1E3BEB6700F990DB /* NetworkIntroUITests.xctest */ = {isa = PBXFileReference; explicitFileType = wrapper.cfbundle; includeInIndex = 0; path = NetworkIntroUITests.xctest; sourceTree = BUILT_PRODUCTS_DIR; };
		4C6EDB011E3BEB6700F990DB /* NetworkIntroUITests.swift */ = {isa = PBXFileReference; lastKnownFileType = sourcecode.swift; path = NetworkIntroUITests.swift; sourceTree = "<group>"; };
		4C6EDB031E3BEB6700F990DB /* Info.plist */ = {isa = PBXFileReference; lastKnownFileType = text.plist.xml; path = Info.plist; sourceTree = "<group>"; };
/* End PBXFileReference section */

/* Begin PBXFrameworksBuildPhase section */
		4C6EDADB1E3BEB6700F990DB /* Frameworks */ = {
			isa = PBXFrameworksBuildPhase;
			buildActionMask = 2147483647;
			files = (
			);
			runOnlyForDeploymentPostprocessing = 0;
		};
		4C6EDAEF1E3BEB6700F990DB /* Frameworks */ = {
			isa = PBXFrameworksBuildPhase;
			buildActionMask = 2147483647;
			files = (
			);
			runOnlyForDeploymentPostprocessing = 0;
		};
		4C6EDAFA1E3BEB6700F990DB /* Frameworks */ = {
			isa = PBXFrameworksBuildPhase;
			buildActionMask = 2147483647;
			files = (
			);
			runOnlyForDeploymentPostprocessing = 0;
		};
/* End PBXFrameworksBuildPhase section */

/* Begin PBXGroup section */
		4C6EDAD51E3BEB6700F990DB = {
			isa = PBXGroup;
			children = (
				4C6EDAE01E3BEB6700F990DB /* NetworkIntro */,
				4C6EDAF51E3BEB6700F990DB /* NetworkIntroTests */,
				4C6EDB001E3BEB6700F990DB /* NetworkIntroUITests */,
				4C6EDADF1E3BEB6700F990DB /* Products */,
			);
			sourceTree = "<group>";
		};
		4C6EDADF1E3BEB6700F990DB /* Products */ = {
			isa = PBXGroup;
			children = (
				4C6EDADE1E3BEB6700F990DB /* NetworkIntro.app */,
				4C6EDAF21E3BEB6700F990DB /* NetworkIntroTests.xctest */,
				4C6EDAFD1E3BEB6700F990DB /* NetworkIntroUITests.xctest */,
			);
			name = Products;
			sourceTree = "<group>";
		};
		4C6EDAE01E3BEB6700F990DB /* NetworkIntro */ = {
			isa = PBXGroup;
			children = (
				4C6EDAE11E3BEB6700F990DB /* AppDelegate.swift */,
				4C6EDAE31E3BEB6700F990DB /* ViewController.swift */,
				4C6EDAE51E3BEB6700F990DB /* Main.storyboard */,
				4C6EDAE81E3BEB6700F990DB /* Assets.xcassets */,
				4C6EDAEA1E3BEB6700F990DB /* LaunchScreen.storyboard */,
				4C6EDAED1E3BEB6700F990DB /* Info.plist */,
			);
			path = NetworkIntro;
			sourceTree = "<group>";
		};
		4C6EDAF51E3BEB6700F990DB /* NetworkIntroTests */ = {
			isa = PBXGroup;
			children = (
				4C6EDAF61E3BEB6700F990DB /* NetworkIntroTests.swift */,
				4C6EDAF81E3BEB6700F990DB /* Info.plist */,
			);
			path = NetworkIntroTests;
			sourceTree = "<group>";
		};
		4C6EDB001E3BEB6700F990DB /* NetworkIntroUITests */ = {
			isa = PBXGroup;
			children = (
				4C6EDB011E3BEB6700F990DB /* NetworkIntroUITests.swift */,
				4C6EDB031E3BEB6700F990DB /* Info.plist */,
			);
			path = NetworkIntroUITests;
			sourceTree = "<group>";
		};
/* End PBXGroup section */

/* Begin PBXNativeTarget section */
		4C6EDADD1E3BEB6700F990DB /* NetworkIntro */ = {
			isa = PBXNativeTarget;
			buildConfigurationList = 4C6EDB061E3BEB6700F990DB /* Build configuration list for PBXNativeTarget "NetworkIntro" */;
			buildPhases = (
				4C6EDADA1E3BEB6700F990DB /* Sources */,
				4C6EDADB1E3BEB6700F990DB /* Frameworks */,
				4C6EDADC1E3BEB6700F990DB /* Resources */,
			);
			buildRules = (
			);
			dependencies = (
			);
			name = NetworkIntro;
			productName = NetworkIntro;
			productReference = 4C6EDADE1E3BEB6700F990DB /* NetworkIntro.app */;
			productType = "com.apple.product-type.application";
		};
		4C6EDAF11E3BEB6700F990DB /* NetworkIntroTests */ = {
			isa = PBXNativeTarget;
			buildConfigurationList = 4C6EDB091E3BEB6700F990DB /* Build configuration list for PBXNativeTarget "NetworkIntroTests" */;
			buildPhases = (
				4C6EDAEE1E3BEB6700F990DB /* Sources */,
				4C6EDAEF1E3BEB6700F990DB /* Frameworks */,
				4C6EDAF01E3BEB6700F990DB /* Resources */,
			);
			buildRules = (
			);
			dependencies = (
				4C6EDAF41E3BEB6700F990DB /* PBXTargetDependency */,
			);
			name = NetworkIntroTests;
			productName = NetworkIntroTests;
			productReference = 4C6EDAF21E3BEB6700F990DB /* NetworkIntroTests.xctest */;
			productType = "com.apple.product-type.bundle.unit-test";
		};
		4C6EDAFC1E3BEB6700F990DB /* NetworkIntroUITests */ = {
			isa = PBXNativeTarget;
			buildConfigurationList = 4C6EDB0C1E3BEB6700F990DB /* Build configuration list for PBXNativeTarget "NetworkIntroUITests" */;
			buildPhases = (
				4C6EDAF91E3BEB6700F990DB /* Sources */,
				4C6EDAFA1E3BEB6700F990DB /* Frameworks */,
				4C6EDAFB1E3BEB6700F990DB /* Resources */,
			);
			buildRules = (
			);
			dependencies = (
				4C6EDAFF1E3BEB6700F990DB /* PBXTargetDependency */,
			);
			name = NetworkIntroUITests;
			productName = NetworkIntroUITests;
			productReference = 4C6EDAFD1E3BEB6700F990DB /* NetworkIntroUITests.xctest */;
			productType = "com.apple.product-type.bundle.ui-testing";
		};
/* End PBXNativeTarget section */

/* Begin PBXProject section */
		4C6EDAD61E3BEB6700F990DB /* Project object */ = {
			isa = PBXProject;
			attributes = {
				LastSwiftUpdateCheck = 0820;
				LastUpgradeCheck = 0820;
				ORGANIZATIONNAME = "Michael Ward";
				TargetAttributes = {
					4C6EDADD1E3BEB6700F990DB = {
						CreatedOnToolsVersion = 8.2.1;
						ProvisioningStyle = Automatic;
					};
					4C6EDAF11E3BEB6700F990DB = {
						CreatedOnToolsVersion = 8.2.1;
						ProvisioningStyle = Automatic;
						TestTargetID = 4C6EDADD1E3BEB6700F990DB;
					};
					4C6EDAFC1E3BEB6700F990DB = {
						CreatedOnToolsVersion = 8.2.1;
						ProvisioningStyle = Automatic;
						TestTargetID = 4C6EDADD1E3BEB6700F990DB;
					};
				};
			};
			buildConfigurationList = 4C6EDAD91E3BEB6700F990DB /* Build configuration list for PBXProject "NetworkIntro" */;
			compatibilityVersion = "Xcode 3.2";
			developmentRegion = English;
			hasScannedForEncodings = 0;
			knownRegions = (
				en,
				Base,
			);
			mainGroup = 4C6EDAD51E3BEB6700F990DB;
			productRefGroup = 4C6EDADF1E3BEB6700F990DB /* Products */;
			projectDirPath = "";
			projectRoot = "";
			targets = (
				4C6EDADD1E3BEB6700F990DB /* NetworkIntro */,
				4C6EDAF11E3BEB6700F990DB /* NetworkIntroTests */,
				4C6EDAFC1E3BEB6700F990DB /* NetworkIntroUITests */,
			);
		};
/* End PBXProject section */

/* Begin PBXResourcesBuildPhase section */
		4C6EDADC1E3BEB6700F990DB /* Resources */ = {
			isa = PBXResourcesBuildPhase;
			buildActionMask = 2147483647;
			files = (
				4C6EDAEC1E3BEB6700F990DB /* LaunchScreen.storyboard in Resources */,
				4C6EDAE91E3BEB6700F990DB /* Assets.xcassets in Resources */,
				4C6EDAE71E3BEB6700F990DB /* Main.storyboard in Resources */,
			);
			runOnlyForDeploymentPostprocessing = 0;
		};
		4C6EDAF01E3BEB6700F990DB /* Resources */ = {
			isa = PBXResourcesBuildPhase;
			buildActionMask = 2147483647;
			files = (
			);
			runOnlyForDeploymentPostprocessing = 0;
		};
		4C6EDAFB1E3BEB6700F990DB /* Resources */ = {
			isa = PBXResourcesBuildPhase;
			buildActionMask = 2147483647;
			files = (
			);
			runOnlyForDeploymentPostprocessing = 0;
		};
/* End PBXResourcesBuildPhase section */

/* Begin PBXSourcesBuildPhase section */
		4C6EDADA1E3BEB6700F990DB /* Sources */ = {
			isa = PBXSourcesBuildPhase;
			buildActionMask = 2147483647;
			files = (
				4C6EDAE41E3BEB6700F990DB /* ViewController.swift in Sources */,
				4C6EDAE21E3BEB6700F990DB /* AppDelegate.swift in Sources */,
			);
			runOnlyForDeploymentPostprocessing = 0;
		};
		4C6EDAEE1E3BEB6700F990DB /* Sources */ = {
			isa = PBXSourcesBuildPhase;
			buildActionMask = 2147483647;
			files = (
				4C6EDAF71E3BEB6700F990DB /* NetworkIntroTests.swift in Sources */,
			);
			runOnlyForDeploymentPostprocessing = 0;
		};
		4C6EDAF91E3BEB6700F990DB /* Sources */ = {
			isa = PBXSourcesBuildPhase;
			buildActionMask = 2147483647;
			files = (
				4C6EDB021E3BEB6700F990DB /* NetworkIntroUITests.swift in Sources */,
			);
			runOnlyForDeploymentPostprocessing = 0;
		};
/* End PBXSourcesBuildPhase section */

/* Begin PBXTargetDependency section */
		4C6EDAF41E3BEB6700F990DB /* PBXTargetDependency */ = {
			isa = PBXTargetDependency;
			target = 4C6EDADD1E3BEB6700F990DB /* NetworkIntro */;
			targetProxy = 4C6EDAF31E3BEB6700F990DB /* PBXContainerItemProxy */;
		};
		4C6EDAFF1E3BEB6700F990DB /* PBXTargetDependency */ = {
			isa = PBXTargetDependency;
			target = 4C6EDADD1E3BEB6700F990DB /* NetworkIntro */;
			targetProxy = 4C6EDAFE1E3BEB6700F990DB /* PBXContainerItemProxy */;
		};
/* End PBXTargetDependency section */

/* Begin PBXVariantGroup section */
		4C6EDAE51E3BEB6700F990DB /* Main.storyboard */ = {
			isa = PBXVariantGroup;
			children = (
				4C6EDAE61E3BEB6700F990DB /* Base */,
			);
			name = Main.storyboard;
			sourceTree = "<group>";
		};
		4C6EDAEA1E3BEB6700F990DB /* LaunchScreen.storyboard */ = {
			isa = PBXVariantGroup;
			children = (
				4C6EDAEB1E3BEB6700F990DB /* Base */,
			);
			name = LaunchScreen.storyboard;
			sourceTree = "<group>";
		};
/* End PBXVariantGroup section */

/* Begin XCBuildConfiguration section */
		4C6EDB041E3BEB6700F990DB /* Debug */ = {
			isa = XCBuildConfiguration;
			buildSettings = {
				ALWAYS_SEARCH_USER_PATHS = NO;
				CLANG_ANALYZER_NONNULL = YES;
				CLANG_CXX_LANGUAGE_STANDARD = "gnu++0x";
				CLANG_CXX_LIBRARY = "libc++";
				CLANG_ENABLE_MODULES = YES;
				CLANG_ENABLE_OBJC_ARC = YES;
				CLANG_WARN_BOOL_CONVERSION = YES;
				CLANG_WARN_CONSTANT_CONVERSION = YES;
				CLANG_WARN_DIRECT_OBJC_ISA_USAGE = YES_ERROR;
				CLANG_WARN_DOCUMENTATION_COMMENTS = YES;
				CLANG_WARN_EMPTY_BODY = YES;
				CLANG_WARN_ENUM_CONVERSION = YES;
				CLANG_WARN_INFINITE_RECURSION = YES;
				CLANG_WARN_INT_CONVERSION = YES;
				CLANG_WARN_OBJC_ROOT_CLASS = YES_ERROR;
				CLANG_WARN_SUSPICIOUS_MOVE = YES;
				CLANG_WARN_UNREACHABLE_CODE = YES;
				CLANG_WARN__DUPLICATE_METHOD_MATCH = YES;
				"CODE_SIGN_IDENTITY[sdk=iphoneos*]" = "iPhone Developer";
				COPY_PHASE_STRIP = NO;
				DEBUG_INFORMATION_FORMAT = dwarf;
				ENABLE_STRICT_OBJC_MSGSEND = YES;
				ENABLE_TESTABILITY = YES;
				GCC_C_LANGUAGE_STANDARD = gnu99;
				GCC_DYNAMIC_NO_PIC = NO;
				GCC_NO_COMMON_BLOCKS = YES;
				GCC_OPTIMIZATION_LEVEL = 0;
				GCC_PREPROCESSOR_DEFINITIONS = (
					"DEBUG=1",
					"$(inherited)",
				);
				GCC_WARN_64_TO_32_BIT_CONVERSION = YES;
				GCC_WARN_ABOUT_RETURN_TYPE = YES_ERROR;
				GCC_WARN_UNDECLARED_SELECTOR = YES;
				GCC_WARN_UNINITIALIZED_AUTOS = YES_AGGRESSIVE;
				GCC_WARN_UNUSED_FUNCTION = YES;
				GCC_WARN_UNUSED_VARIABLE = YES;
				IPHONEOS_DEPLOYMENT_TARGET = 10.2;
				MTL_ENABLE_DEBUG_INFO = YES;
				ONLY_ACTIVE_ARCH = YES;
				SDKROOT = iphoneos;
				SWIFT_ACTIVE_COMPILATION_CONDITIONS = DEBUG;
				SWIFT_OPTIMIZATION_LEVEL = "-Onone";
				TARGETED_DEVICE_FAMILY = "1,2";
			};
			name = Debug;
		};
		4C6EDB051E3BEB6700F990DB /* Release */ = {
			isa = XCBuildConfiguration;
			buildSettings = {
				ALWAYS_SEARCH_USER_PATHS = NO;
				CLANG_ANALYZER_NONNULL = YES;
				CLANG_CXX_LANGUAGE_STANDARD = "gnu++0x";
				CLANG_CXX_LIBRARY = "libc++";
				CLANG_ENABLE_MODULES = YES;
				CLANG_ENABLE_OBJC_ARC = YES;
				CLANG_WARN_BOOL_CONVERSION = YES;
				CLANG_WARN_CONSTANT_CONVERSION = YES;
				CLANG_WARN_DIRECT_OBJC_ISA_USAGE = YES_ERROR;
				CLANG_WARN_DOCUMENTATION_COMMENTS = YES;
				CLANG_WARN_EMPTY_BODY = YES;
				CLANG_WARN_ENUM_CONVERSION = YES;
				CLANG_WARN_INFINITE_RECURSION = YES;
				CLANG_WARN_INT_CONVERSION = YES;
				CLANG_WARN_OBJC_ROOT_CLASS = YES_ERROR;
				CLANG_WARN_SUSPICIOUS_MOVE = YES;
				CLANG_WARN_UNREACHABLE_CODE = YES;
				CLANG_WARN__DUPLICATE_METHOD_MATCH = YES;
				"CODE_SIGN_IDENTITY[sdk=iphoneos*]" = "iPhone Developer";
				COPY_PHASE_STRIP = NO;
				DEBUG_INFORMATION_FORMAT = "dwarf-with-dsym";
				ENABLE_NS_ASSERTIONS = NO;
				ENABLE_STRICT_OBJC_MSGSEND = YES;
				GCC_C_LANGUAGE_STANDARD = gnu99;
				GCC_NO_COMMON_BLOCKS = YES;
				GCC_WARN_64_TO_32_BIT_CONVERSION = YES;
				GCC_WARN_ABOUT_RETURN_TYPE = YES_ERROR;
				GCC_WARN_UNDECLARED_SELECTOR = YES;
				GCC_WARN_UNINITIALIZED_AUTOS = YES_AGGRESSIVE;
				GCC_WARN_UNUSED_FUNCTION = YES;
				GCC_WARN_UNUSED_VARIABLE = YES;
				IPHONEOS_DEPLOYMENT_TARGET = 10.2;
				MTL_ENABLE_DEBUG_INFO = NO;
				SDKROOT = iphoneos;
				SWIFT_OPTIMIZATION_LEVEL = "-Owholemodule";
				TARGETED_DEVICE_FAMILY = "1,2";
				VALIDATE_PRODUCT = YES;
			};
			name = Release;
		};
		4C6EDB071E3BEB6700F990DB /* Debug */ = {
			isa = XCBuildConfiguration;
			buildSettings = {
				ASSETCATALOG_COMPILER_APPICON_NAME = AppIcon;
				INFOPLIST_FILE = NetworkIntro/Info.plist;
				LD_RUNPATH_SEARCH_PATHS = "$(inherited) @executable_path/Frameworks";
				PRODUCT_BUNDLE_IDENTIFIER = Ward.NetworkIntro;
				PRODUCT_NAME = "$(TARGET_NAME)";
				SWIFT_VERSION = 3.0;
			};
			name = Debug;
		};
		4C6EDB081E3BEB6700F990DB /* Release */ = {
			isa = XCBuildConfiguration;
			buildSettings = {
				ASSETCATALOG_COMPILER_APPICON_NAME = AppIcon;
				INFOPLIST_FILE = NetworkIntro/Info.plist;
				LD_RUNPATH_SEARCH_PATHS = "$(inherited) @executable_path/Frameworks";
				PRODUCT_BUNDLE_IDENTIFIER = Ward.NetworkIntro;
				PRODUCT_NAME = "$(TARGET_NAME)";
				SWIFT_VERSION = 3.0;
			};
			name = Release;
		};
		4C6EDB0A1E3BEB6700F990DB /* Debug */ = {
			isa = XCBuildConfiguration;
			buildSettings = {
				ALWAYS_EMBED_SWIFT_STANDARD_LIBRARIES = YES;
				BUNDLE_LOADER = "$(TEST_HOST)";
				INFOPLIST_FILE = NetworkIntroTests/Info.plist;
				LD_RUNPATH_SEARCH_PATHS = "$(inherited) @executable_path/Frameworks @loader_path/Frameworks";
				PRODUCT_BUNDLE_IDENTIFIER = Ward.NetworkIntroTests;
				PRODUCT_NAME = "$(TARGET_NAME)";
				SWIFT_VERSION = 3.0;
				TEST_HOST = "$(BUILT_PRODUCTS_DIR)/NetworkIntro.app/NetworkIntro";
			};
			name = Debug;
		};
		4C6EDB0B1E3BEB6700F990DB /* Release */ = {
			isa = XCBuildConfiguration;
			buildSettings = {
				ALWAYS_EMBED_SWIFT_STANDARD_LIBRARIES = YES;
				BUNDLE_LOADER = "$(TEST_HOST)";
				INFOPLIST_FILE = NetworkIntroTests/Info.plist;
				LD_RUNPATH_SEARCH_PATHS = "$(inherited) @executable_path/Frameworks @loader_path/Frameworks";
				PRODUCT_BUNDLE_IDENTIFIER = Ward.NetworkIntroTests;
				PRODUCT_NAME = "$(TARGET_NAME)";
				SWIFT_VERSION = 3.0;
				TEST_HOST = "$(BUILT_PRODUCTS_DIR)/NetworkIntro.app/NetworkIntro";
			};
			name = Release;
		};
		4C6EDB0D1E3BEB6700F990DB /* Debug */ = {
			isa = XCBuildConfiguration;
			buildSettings = {
				ALWAYS_EMBED_SWIFT_STANDARD_LIBRARIES = YES;
				INFOPLIST_FILE = NetworkIntroUITests/Info.plist;
				LD_RUNPATH_SEARCH_PATHS = "$(inherited) @executable_path/Frameworks @loader_path/Frameworks";
				PRODUCT_BUNDLE_IDENTIFIER = Ward.NetworkIntroUITests;
				PRODUCT_NAME = "$(TARGET_NAME)";
				SWIFT_VERSION = 3.0;
				TEST_TARGET_NAME = NetworkIntro;
			};
			name = Debug;
		};
		4C6EDB0E1E3BEB6700F990DB /* Release */ = {
			isa = XCBuildConfiguration;
			buildSettings = {
				ALWAYS_EMBED_SWIFT_STANDARD_LIBRARIES = YES;
				INFOPLIST_FILE = NetworkIntroUITests/Info.plist;
				LD_RUNPATH_SEARCH_PATHS = "$(inherited) @executable_path/Frameworks @loader_path/Frameworks";
				PRODUCT_BUNDLE_IDENTIFIER = Ward.NetworkIntroUITests;
				PRODUCT_NAME = "$(TARGET_NAME)";
				SWIFT_VERSION = 3.0;
				TEST_TARGET_NAME = NetworkIntro;
			};
			name = Release;
		};
/* End XCBuildConfiguration section */

/* Begin XCConfigurationList section */
		4C6EDAD91E3BEB6700F990DB /* Build configuration list for PBXProject "NetworkIntro" */ = {
			isa = XCConfigurationList;
			buildConfigurations = (
				4C6EDB041E3BEB6700F990DB /* Debug */,
				4C6EDB051E3BEB6700F990DB /* Release */,
			);
			defaultConfigurationIsVisible = 0;
			defaultConfigurationName = Release;
		};
		4C6EDB061E3BEB6700F990DB /* Build configuration list for PBXNativeTarget "NetworkIntro" */ = {
			isa = XCConfigurationList;
			buildConfigurations = (
				4C6EDB071E3BEB6700F990DB /* Debug */,
				4C6EDB081E3BEB6700F990DB /* Release */,
			);
			defaultConfigurationIsVisible = 0;
		};
		4C6EDB091E3BEB6700F990DB /* Build configuration list for PBXNativeTarget "NetworkIntroTests" */ = {
			isa = XCConfigurationList;
			buildConfigurations = (
				4C6EDB0A1E3BEB6700F990DB /* Debug */,
				4C6EDB0B1E3BEB6700F990DB /* Release */,
			);
			defaultConfigurationIsVisible = 0;
		};
		4C6EDB0C1E3BEB6700F990DB /* Build configuration list for PBXNativeTarget "NetworkIntroUITests" */ = {
			isa = XCConfigurationList;
			buildConfigurations = (
				4C6EDB0D1E3BEB6700F990DB /* Debug */,
				4C6EDB0E1E3BEB6700F990DB /* Release */,
			);
			defaultConfigurationIsVisible = 0;
		};
/* End XCConfigurationList section */
	};
	rootObject = 4C6EDAD61E3BEB6700F990DB /* Project object */;
}
