// !$*UTF8*$!
{
	archiveVersion = 1;
	classes = {
	};
	objectVersion = 46;
	objects = {

/* Begin PBXBuildFile section */
		4C47FC0D1E5525520072E1E2 /* Note.swift in Sources */ = {isa = PBXBuildFile; fileRef = 4C47FC0C1E5525520072E1E2 /* Note.swift */; };
		4C47FC0F1E5526BB0072E1E2 /* NoteViewController.swift in Sources */ = {isa = PBXBuildFile; fileRef = 4C47FC0E1E5526BB0072E1E2 /* NoteViewController.swift */; };
		4C47FC111E5534810072E1E2 /* AddViewController.swift in Sources */ = {isa = PBXBuildFile; fileRef = 4C47FC101E5534810072E1E2 /* AddViewController.swift */; };
		4C56FC3C1E550BB200E6998F /* AppDelegate.swift in Sources */ = {isa = PBXBuildFile; fileRef = 4C56FC3B1E550BB200E6998F /* AppDelegate.swift */; };
		4C56FC3E1E550BB200E6998F /* ViewController.swift in Sources */ = {isa = PBXBuildFile; fileRef = 4C56FC3D1E550BB200E6998F /* ViewController.swift */; };
		4C56FC411E550BB200E6998F /* Main.storyboard in Resources */ = {isa = PBXBuildFile; fileRef = 4C56FC3F1E550BB200E6998F /* Main.storyboard */; };
		4C56FC441E550BB200E6998F /* Homework3New.xcdatamodeld in Sources */ = {isa = PBXBuildFile; fileRef = 4C56FC421E550BB200E6998F /* Homework3New.xcdatamodeld */; };
		4C56FC461E550BB200E6998F /* Assets.xcassets in Resources */ = {isa = PBXBuildFile; fileRef = 4C56FC451E550BB200E6998F /* Assets.xcassets */; };
		4C56FC491E550BB200E6998F /* LaunchScreen.storyboard in Resources */ = {isa = PBXBuildFile; fileRef = 4C56FC471E550BB200E6998F /* LaunchScreen.storyboard */; };
/* End PBXBuildFile section */

/* Begin PBXFileReference section */
		4C47FC0C1E5525520072E1E2 /* Note.swift */ = {isa = PBXFileReference; fileEncoding = 4; lastKnownFileType = sourcecode.swift; path = Note.swift; sourceTree = "<group>"; };
		4C47FC0E1E5526BB0072E1E2 /* NoteViewController.swift */ = {isa = PBXFileReference; fileEncoding = 4; lastKnownFileType = sourcecode.swift; path = NoteViewController.swift; sourceTree = "<group>"; };
		4C47FC101E5534810072E1E2 /* AddViewController.swift */ = {isa = PBXFileReference; fileEncoding = 4; lastKnownFileType = sourcecode.swift; path = AddViewController.swift; sourceTree = "<group>"; };
		4C56FC381E550BB200E6998F /* Homework3New.app */ = {isa = PBXFileReference; explicitFileType = wrapper.application; includeInIndex = 0; path = Homework3New.app; sourceTree = BUILT_PRODUCTS_DIR; };
		4C56FC3B1E550BB200E6998F /* AppDelegate.swift */ = {isa = PBXFileReference; lastKnownFileType = sourcecode.swift; path = AppDelegate.swift; sourceTree = "<group>"; };
		4C56FC3D1E550BB200E6998F /* ViewController.swift */ = {isa = PBXFileReference; lastKnownFileType = sourcecode.swift; path = ViewController.swift; sourceTree = "<group>"; };
		4C56FC401E550BB200E6998F /* Base */ = {isa = PBXFileReference; lastKnownFileType = file.storyboard; name = Base; path = Base.lproj/Main.storyboard; sourceTree = "<group>"; };
		4C56FC431E550BB200E6998F /* Homework3New.xcdatamodel */ = {isa = PBXFileReference; lastKnownFileType = wrapper.xcdatamodel; path = Homework3New.xcdatamodel; sourceTree = "<group>"; };
		4C56FC451E550BB200E6998F /* Assets.xcassets */ = {isa = PBXFileReference; lastKnownFileType = folder.assetcatalog; path = Assets.xcassets; sourceTree = "<group>"; };
		4C56FC481E550BB200E6998F /* Base */ = {isa = PBXFileReference; lastKnownFileType = file.storyboard; name = Base; path = Base.lproj/LaunchScreen.storyboard; sourceTree = "<group>"; };
		4C56FC4A1E550BB200E6998F /* Info.plist */ = {isa = PBXFileReference; lastKnownFileType = text.plist.xml; path = Info.plist; sourceTree = "<group>"; };
/* End PBXFileReference section */

/* Begin PBXFrameworksBuildPhase section */
		4C56FC351E550BB200E6998F /* Frameworks */ = {
			isa = PBXFrameworksBuildPhase;
			buildActionMask = 2147483647;
			files = (
			);
			runOnlyForDeploymentPostprocessing = 0;
		};
/* End PBXFrameworksBuildPhase section */

/* Begin PBXGroup section */
		4C56FC2F1E550BB200E6998F = {
			isa = PBXGroup;
			children = (
				4C56FC3A1E550BB200E6998F /* Homework3New */,
				4C56FC391E550BB200E6998F /* Products */,
			);
			sourceTree = "<group>";
		};
		4C56FC391E550BB200E6998F /* Products */ = {
			isa = PBXGroup;
			children = (
				4C56FC381E550BB200E6998F /* Homework3New.app */,
			);
			name = Products;
			sourceTree = "<group>";
		};
		4C56FC3A1E550BB200E6998F /* Homework3New */ = {
			isa = PBXGroup;
			children = (
				4C56FC3B1E550BB200E6998F /* AppDelegate.swift */,
				4C56FC3D1E550BB200E6998F /* ViewController.swift */,
				4C47FC0C1E5525520072E1E2 /* Note.swift */,
				4C56FC3F1E550BB200E6998F /* Main.storyboard */,
				4C47FC101E5534810072E1E2 /* AddViewController.swift */,
				4C47FC0E1E5526BB0072E1E2 /* NoteViewController.swift */,
				4C56FC451E550BB200E6998F /* Assets.xcassets */,
				4C56FC471E550BB200E6998F /* LaunchScreen.storyboard */,
				4C56FC4A1E550BB200E6998F /* Info.plist */,
				4C56FC421E550BB200E6998F /* Homework3New.xcdatamodeld */,
			);
			path = Homework3New;
			sourceTree = "<group>";
		};
/* End PBXGroup section */

/* Begin PBXNativeTarget section */
		4C56FC371E550BB200E6998F /* Homework3New */ = {
			isa = PBXNativeTarget;
			buildConfigurationList = 4C56FC4D1E550BB200E6998F /* Build configuration list for PBXNativeTarget "Homework3New" */;
			buildPhases = (
				4C56FC341E550BB200E6998F /* Sources */,
				4C56FC351E550BB200E6998F /* Frameworks */,
				4C56FC361E550BB200E6998F /* Resources */,
			);
			buildRules = (
			);
			dependencies = (
			);
			name = Homework3New;
			productName = Homework3New;
			productReference = 4C56FC381E550BB200E6998F /* Homework3New.app */;
			productType = "com.apple.product-type.application";
		};
/* End PBXNativeTarget section */

/* Begin PBXProject section */
		4C56FC301E550BB200E6998F /* Project object */ = {
			isa = PBXProject;
			attributes = {
				LastSwiftUpdateCheck = 0820;
				LastUpgradeCheck = 0820;
				ORGANIZATIONNAME = "Michael Ward";
				TargetAttributes = {
					4C56FC371E550BB200E6998F = {
						CreatedOnToolsVersion = 8.2.1;
						ProvisioningStyle = Automatic;
					};
				};
			};
			buildConfigurationList = 4C56FC331E550BB200E6998F /* Build configuration list for PBXProject "Homework3New" */;
			compatibilityVersion = "Xcode 3.2";
			developmentRegion = English;
			hasScannedForEncodings = 0;
			knownRegions = (
				en,
				Base,
			);
			mainGroup = 4C56FC2F1E550BB200E6998F;
			productRefGroup = 4C56FC391E550BB200E6998F /* Products */;
			projectDirPath = "";
			projectRoot = "";
			targets = (
				4C56FC371E550BB200E6998F /* Homework3New */,
			);
		};
/* End PBXProject section */

/* Begin PBXResourcesBuildPhase section */
		4C56FC361E550BB200E6998F /* Resources */ = {
			isa = PBXResourcesBuildPhase;
			buildActionMask = 2147483647;
			files = (
				4C56FC491E550BB200E6998F /* LaunchScreen.storyboard in Resources */,
				4C56FC461E550BB200E6998F /* Assets.xcassets in Resources */,
				4C56FC411E550BB200E6998F /* Main.storyboard in Resources */,
			);
			runOnlyForDeploymentPostprocessing = 0;
		};
/* End PBXResourcesBuildPhase section */

/* Begin PBXSourcesBuildPhase section */
		4C56FC341E550BB200E6998F /* Sources */ = {
			isa = PBXSourcesBuildPhase;
			buildActionMask = 2147483647;
			files = (
				4C56FC3E1E550BB200E6998F /* ViewController.swift in Sources */,
				4C56FC441E550BB200E6998F /* Homework3New.xcdatamodeld in Sources */,
				4C47FC111E5534810072E1E2 /* AddViewController.swift in Sources */,
				4C56FC3C1E550BB200E6998F /* AppDelegate.swift in Sources */,
				4C47FC0F1E5526BB0072E1E2 /* NoteViewController.swift in Sources */,
				4C47FC0D1E5525520072E1E2 /* Note.swift in Sources */,
			);
			runOnlyForDeploymentPostprocessing = 0;
		};
/* End PBXSourcesBuildPhase section */

/* Begin PBXVariantGroup section */
		4C56FC3F1E550BB200E6998F /* Main.storyboard */ = {
			isa = PBXVariantGroup;
			children = (
				4C56FC401E550BB200E6998F /* Base */,
			);
			name = Main.storyboard;
			sourceTree = "<group>";
		};
		4C56FC471E550BB200E6998F /* LaunchScreen.storyboard */ = {
			isa = PBXVariantGroup;
			children = (
				4C56FC481E550BB200E6998F /* Base */,
			);
			name = LaunchScreen.storyboard;
			sourceTree = "<group>";
		};
/* End PBXVariantGroup section */

/* Begin XCBuildConfiguration section */
		4C56FC4B1E550BB200E6998F /* Debug */ = {
			isa = XCBuildConfiguration;
			buildSettings = {
				ALWAYS_SEARCH_USER_PATHS = NO;
				CLANG_ANALYZER_NONNULL = YES;
				CLANG_CXX_LANGUAGE_STANDARD = "gnu++0x";
				CLANG_CXX_LIBRARY = "libc++";
				CLANG_ENABLE_MODULES = YES;
				CLANG_ENABLE_OBJC_ARC = YES;
				CLANG_WARN_BOOL_CONVERSION = YES;
				CLANG_WARN_CONSTANT_CONVERSION = YES;
				CLANG_WARN_DIRECT_OBJC_ISA_USAGE = YES_ERROR;
				CLANG_WARN_DOCUMENTATION_COMMENTS = YES;
				CLANG_WARN_EMPTY_BODY = YES;
				CLANG_WARN_ENUM_CONVERSION = YES;
				CLANG_WARN_INFINITE_RECURSION = YES;
				CLANG_WARN_INT_CONVERSION = YES;
				CLANG_WARN_OBJC_ROOT_CLASS = YES_ERROR;
				CLANG_WARN_SUSPICIOUS_MOVE = YES;
				CLANG_WARN_UNREACHABLE_CODE = YES;
				CLANG_WARN__DUPLICATE_METHOD_MATCH = YES;
				"CODE_SIGN_IDENTITY[sdk=iphoneos*]" = "iPhone Developer";
				COPY_PHASE_STRIP = NO;
				DEBUG_INFORMATION_FORMAT = dwarf;
				ENABLE_STRICT_OBJC_MSGSEND = YES;
				ENABLE_TESTABILITY = YES;
				GCC_C_LANGUAGE_STANDARD = gnu99;
				GCC_DYNAMIC_NO_PIC = NO;
				GCC_NO_COMMON_BLOCKS = YES;
				GCC_OPTIMIZATION_LEVEL = 0;
				GCC_PREPROCESSOR_DEFINITIONS = (
					"DEBUG=1",
					"$(inherited)",
				);
				GCC_WARN_64_TO_32_BIT_CONVERSION = YES;
				GCC_WARN_ABOUT_RETURN_TYPE = YES_ERROR;
				GCC_WARN_UNDECLARED_SELECTOR = YES;
				GCC_WARN_UNINITIALIZED_AUTOS = YES_AGGRESSIVE;
				GCC_WARN_UNUSED_FUNCTION = YES;
				GCC_WARN_UNUSED_VARIABLE = YES;
				IPHONEOS_DEPLOYMENT_TARGET = 10.2;
				MTL_ENABLE_DEBUG_INFO = YES;
				ONLY_ACTIVE_ARCH = YES;
				SDKROOT = iphoneos;
				SWIFT_ACTIVE_COMPILATION_CONDITIONS = DEBUG;
				SWIFT_OPTIMIZATION_LEVEL = "-Onone";
				TARGETED_DEVICE_FAMILY = "1,2";
			};
			name = Debug;
		};
		4C56FC4C1E550BB200E6998F /* Release */ = {
			isa = XCBuildConfiguration;
			buildSettings = {
				ALWAYS_SEARCH_USER_PATHS = NO;
				CLANG_ANALYZER_NONNULL = YES;
				CLANG_CXX_LANGUAGE_STANDARD = "gnu++0x";
				CLANG_CXX_LIBRARY = "libc++";
				CLANG_ENABLE_MODULES = YES;
				CLANG_ENABLE_OBJC_ARC = YES;
				CLANG_WARN_BOOL_CONVERSION = YES;
				CLANG_WARN_CONSTANT_CONVERSION = YES;
				CLANG_WARN_DIRECT_OBJC_ISA_USAGE = YES_ERROR;
				CLANG_WARN_DOCUMENTATION_COMMENTS = YES;
				CLANG_WARN_EMPTY_BODY = YES;
				CLANG_WARN_ENUM_CONVERSION = YES;
				CLANG_WARN_INFINITE_RECURSION = YES;
				CLANG_WARN_INT_CONVERSION = YES;
				CLANG_WARN_OBJC_ROOT_CLASS = YES_ERROR;
				CLANG_WARN_SUSPICIOUS_MOVE = YES;
				CLANG_WARN_UNREACHABLE_CODE = YES;
				CLANG_WARN__DUPLICATE_METHOD_MATCH = YES;
				"CODE_SIGN_IDENTITY[sdk=iphoneos*]" = "iPhone Developer";
				COPY_PHASE_STRIP = NO;
				DEBUG_INFORMATION_FORMAT = "dwarf-with-dsym";
				ENABLE_NS_ASSERTIONS = NO;
				ENABLE_STRICT_OBJC_MSGSEND = YES;
				GCC_C_LANGUAGE_STANDARD = gnu99;
				GCC_NO_COMMON_BLOCKS = YES;
				GCC_WARN_64_TO_32_BIT_CONVERSION = YES;
				GCC_WARN_ABOUT_RETURN_TYPE = YES_ERROR;
				GCC_WARN_UNDECLARED_SELECTOR = YES;
				GCC_WARN_UNINITIALIZED_AUTOS = YES_AGGRESSIVE;
				GCC_WARN_UNUSED_FUNCTION = YES;
				GCC_WARN_UNUSED_VARIABLE = YES;
				IPHONEOS_DEPLOYMENT_TARGET = 10.2;
				MTL_ENABLE_DEBUG_INFO = NO;
				SDKROOT = iphoneos;
				SWIFT_OPTIMIZATION_LEVEL = "-Owholemodule";
				TARGETED_DEVICE_FAMILY = "1,2";
				VALIDATE_PRODUCT = YES;
			};
			name = Release;
		};
		4C56FC4E1E550BB200E6998F /* Debug */ = {
			isa = XCBuildConfiguration;
			buildSettings = {
				ASSETCATALOG_COMPILER_APPICON_NAME = AppIcon;
				INFOPLIST_FILE = Homework3New/Info.plist;
				LD_RUNPATH_SEARCH_PATHS = "$(inherited) @executable_path/Frameworks";
				PRODUCT_BUNDLE_IDENTIFIER = Ward.Homework3New;
				PRODUCT_NAME = "$(TARGET_NAME)";
				SWIFT_VERSION = 3.0;
			};
			name = Debug;
		};
		4C56FC4F1E550BB200E6998F /* Release */ = {
			isa = XCBuildConfiguration;
			buildSettings = {
				ASSETCATALOG_COMPILER_APPICON_NAME = AppIcon;
				INFOPLIST_FILE = Homework3New/Info.plist;
				LD_RUNPATH_SEARCH_PATHS = "$(inherited) @executable_path/Frameworks";
				PRODUCT_BUNDLE_IDENTIFIER = Ward.Homework3New;
				PRODUCT_NAME = "$(TARGET_NAME)";
				SWIFT_VERSION = 3.0;
			};
			name = Release;
		};
/* End XCBuildConfiguration section */

/* Begin XCConfigurationList section */
		4C56FC331E550BB200E6998F /* Build configuration list for PBXProject "Homework3New" */ = {
			isa = XCConfigurationList;
			buildConfigurations = (
				4C56FC4B1E550BB200E6998F /* Debug */,
				4C56FC4C1E550BB200E6998F /* Release */,
			);
			defaultConfigurationIsVisible = 0;
			defaultConfigurationName = Release;
		};
		4C56FC4D1E550BB200E6998F /* Build configuration list for PBXNativeTarget "Homework3New" */ = {
			isa = XCConfigurationList;
			buildConfigurations = (
				4C56FC4E1E550BB200E6998F /* Debug */,
				4C56FC4F1E550BB200E6998F /* Release */,
			);
			defaultConfigurationIsVisible = 0;
			defaultConfigurationName = Release;
		};
/* End XCConfigurationList section */

/* Begin XCVersionGroup section */
		4C56FC421E550BB200E6998F /* Homework3New.xcdatamodeld */ = {
			isa = XCVersionGroup;
			children = (
				4C56FC431E550BB200E6998F /* Homework3New.xcdatamodel */,
			);
			currentVersion = 4C56FC431E550BB200E6998F /* Homework3New.xcdatamodel */;
			path = Homework3New.xcdatamodeld;
			sourceTree = "<group>";
			versionGroupType = wrapper.xcdatamodel;
		};
/* End XCVersionGroup section */
	};
	rootObject = 4C56FC301E550BB200E6998F /* Project object */;
}
