// !$*UTF8*$!
{
	archiveVersion = 1;
	classes = {
	};
	objectVersion = 46;
	objects = {

/* Begin PBXBuildFile section */
		4C6EDA6E1E395CAE00F990DB /* AppDelegate.swift in Sources */ = {isa = PBXBuildFile; fileRef = 4C6EDA6D1E395CAE00F990DB /* AppDelegate.swift */; };
		4C6EDA701E395CAE00F990DB /* ViewController.swift in Sources */ = {isa = PBXBuildFile; fileRef = 4C6EDA6F1E395CAE00F990DB /* ViewController.swift */; };
		4C6EDA731E395CAE00F990DB /* Main.storyboard in Resources */ = {isa = PBXBuildFile; fileRef = 4C6EDA711E395CAE00F990DB /* Main.storyboard */; };
		4C6EDA751E395CAE00F990DB /* Assets.xcassets in Resources */ = {isa = PBXBuildFile; fileRef = 4C6EDA741E395CAE00F990DB /* Assets.xcassets */; };
		4C6EDA781E395CAE00F990DB /* LaunchScreen.storyboard in Resources */ = {isa = PBXBuildFile; fileRef = 4C6EDA761E395CAE00F990DB /* LaunchScreen.storyboard */; };
		4C6EDA831E395CAF00F990DB /* Homework1Tests.swift in Sources */ = {isa = PBXBuildFile; fileRef = 4C6EDA821E395CAF00F990DB /* Homework1Tests.swift */; };
		4C6EDA8E1E395CAF00F990DB /* Homework1UITests.swift in Sources */ = {isa = PBXBuildFile; fileRef = 4C6EDA8D1E395CAF00F990DB /* Homework1UITests.swift */; };
/* End PBXBuildFile section */

/* Begin PBXContainerItemProxy section */
		4C6EDA7F1E395CAF00F990DB /* PBXContainerItemProxy */ = {
			isa = PBXContainerItemProxy;
			containerPortal = 4C6EDA621E395CAE00F990DB /* Project object */;
			proxyType = 1;
			remoteGlobalIDString = 4C6EDA691E395CAE00F990DB;
			remoteInfo = Homework1;
		};
		4C6EDA8A1E395CAF00F990DB /* PBXContainerItemProxy */ = {
			isa = PBXContainerItemProxy;
			containerPortal = 4C6EDA621E395CAE00F990DB /* Project object */;
			proxyType = 1;
			remoteGlobalIDString = 4C6EDA691E395CAE00F990DB;
			remoteInfo = Homework1;
		};
/* End PBXContainerItemProxy section */

/* Begin PBXFileReference section */
		4C6EDA6A1E395CAE00F990DB /* Homework1.app */ = {isa = PBXFileReference; explicitFileType = wrapper.application; includeInIndex = 0; path = Homework1.app; sourceTree = BUILT_PRODUCTS_DIR; };
		4C6EDA6D1E395CAE00F990DB /* AppDelegate.swift */ = {isa = PBXFileReference; lastKnownFileType = sourcecode.swift; path = AppDelegate.swift; sourceTree = "<group>"; };
		4C6EDA6F1E395CAE00F990DB /* ViewController.swift */ = {isa = PBXFileReference; lastKnownFileType = sourcecode.swift; path = ViewController.swift; sourceTree = "<group>"; };
		4C6EDA721E395CAE00F990DB /* Base */ = {isa = PBXFileReference; lastKnownFileType = file.storyboard; name = Base; path = Base.lproj/Main.storyboard; sourceTree = "<group>"; };
		4C6EDA741E395CAE00F990DB /* Assets.xcassets */ = {isa = PBXFileReference; lastKnownFileType = folder.assetcatalog; path = Assets.xcassets; sourceTree = "<group>"; };
		4C6EDA771E395CAE00F990DB /* Base */ = {isa = PBXFileReference; lastKnownFileType = file.storyboard; name = Base; path = Base.lproj/LaunchScreen.storyboard; sourceTree = "<group>"; };
		4C6EDA791E395CAE00F990DB /* Info.plist */ = {isa = PBXFileReference; lastKnownFileType = text.plist.xml; path = Info.plist; sourceTree = "<group>"; };
		4C6EDA7E1E395CAF00F990DB /* Homework1Tests.xctest */ = {isa = PBXFileReference; explicitFileType = wrapper.cfbundle; includeInIndex = 0; path = Homework1Tests.xctest; sourceTree = BUILT_PRODUCTS_DIR; };
		4C6EDA821E395CAF00F990DB /* Homework1Tests.swift */ = {isa = PBXFileReference; lastKnownFileType = sourcecode.swift; path = Homework1Tests.swift; sourceTree = "<group>"; };
		4C6EDA841E395CAF00F990DB /* Info.plist */ = {isa = PBXFileReference; lastKnownFileType = text.plist.xml; path = Info.plist; sourceTree = "<group>"; };
		4C6EDA891E395CAF00F990DB /* Homework1UITests.xctest */ = {isa = PBXFileReference; explicitFileType = wrapper.cfbundle; includeInIndex = 0; path = Homework1UITests.xctest; sourceTree = BUILT_PRODUCTS_DIR; };
		4C6EDA8D1E395CAF00F990DB /* Homework1UITests.swift */ = {isa = PBXFileReference; lastKnownFileType = sourcecode.swift; path = Homework1UITests.swift; sourceTree = "<group>"; };
		4C6EDA8F1E395CAF00F990DB /* Info.plist */ = {isa = PBXFileReference; lastKnownFileType = text.plist.xml; path = Info.plist; sourceTree = "<group>"; };
/* End PBXFileReference section */

/* Begin PBXFrameworksBuildPhase section */
		4C6EDA671E395CAE00F990DB /* Frameworks */ = {
			isa = PBXFrameworksBuildPhase;
			buildActionMask = 2147483647;
			files = (
			);
			runOnlyForDeploymentPostprocessing = 0;
		};
		4C6EDA7B1E395CAF00F990DB /* Frameworks */ = {
			isa = PBXFrameworksBuildPhase;
			buildActionMask = 2147483647;
			files = (
			);
			runOnlyForDeploymentPostprocessing = 0;
		};
		4C6EDA861E395CAF00F990DB /* Frameworks */ = {
			isa = PBXFrameworksBuildPhase;
			buildActionMask = 2147483647;
			files = (
			);
			runOnlyForDeploymentPostprocessing = 0;
		};
/* End PBXFrameworksBuildPhase section */

/* Begin PBXGroup section */
		4C6EDA611E395CAE00F990DB = {
			isa = PBXGroup;
			children = (
				4C6EDA6C1E395CAE00F990DB /* Homework1 */,
				4C6EDA811E395CAF00F990DB /* Homework1Tests */,
				4C6EDA8C1E395CAF00F990DB /* Homework1UITests */,
				4C6EDA6B1E395CAE00F990DB /* Products */,
			);
			sourceTree = "<group>";
		};
		4C6EDA6B1E395CAE00F990DB /* Products */ = {
			isa = PBXGroup;
			children = (
				4C6EDA6A1E395CAE00F990DB /* Homework1.app */,
				4C6EDA7E1E395CAF00F990DB /* Homework1Tests.xctest */,
				4C6EDA891E395CAF00F990DB /* Homework1UITests.xctest */,
			);
			name = Products;
			sourceTree = "<group>";
		};
		4C6EDA6C1E395CAE00F990DB /* Homework1 */ = {
			isa = PBXGroup;
			children = (
				4C6EDA6D1E395CAE00F990DB /* AppDelegate.swift */,
				4C6EDA6F1E395CAE00F990DB /* ViewController.swift */,
				4C6EDA711E395CAE00F990DB /* Main.storyboard */,
				4C6EDA741E395CAE00F990DB /* Assets.xcassets */,
				4C6EDA761E395CAE00F990DB /* LaunchScreen.storyboard */,
				4C6EDA791E395CAE00F990DB /* Info.plist */,
			);
			path = Homework1;
			sourceTree = "<group>";
		};
		4C6EDA811E395CAF00F990DB /* Homework1Tests */ = {
			isa = PBXGroup;
			children = (
				4C6EDA821E395CAF00F990DB /* Homework1Tests.swift */,
				4C6EDA841E395CAF00F990DB /* Info.plist */,
			);
			path = Homework1Tests;
			sourceTree = "<group>";
		};
		4C6EDA8C1E395CAF00F990DB /* Homework1UITests */ = {
			isa = PBXGroup;
			children = (
				4C6EDA8D1E395CAF00F990DB /* Homework1UITests.swift */,
				4C6EDA8F1E395CAF00F990DB /* Info.plist */,
			);
			path = Homework1UITests;
			sourceTree = "<group>";
		};
/* End PBXGroup section */

/* Begin PBXNativeTarget section */
		4C6EDA691E395CAE00F990DB /* Homework1 */ = {
			isa = PBXNativeTarget;
			buildConfigurationList = 4C6EDA921E395CAF00F990DB /* Build configuration list for PBXNativeTarget "Homework1" */;
			buildPhases = (
				4C6EDA661E395CAE00F990DB /* Sources */,
				4C6EDA671E395CAE00F990DB /* Frameworks */,
				4C6EDA681E395CAE00F990DB /* Resources */,
			);
			buildRules = (
			);
			dependencies = (
			);
			name = Homework1;
			productName = Homework1;
			productReference = 4C6EDA6A1E395CAE00F990DB /* Homework1.app */;
			productType = "com.apple.product-type.application";
		};
		4C6EDA7D1E395CAF00F990DB /* Homework1Tests */ = {
			isa = PBXNativeTarget;
			buildConfigurationList = 4C6EDA951E395CAF00F990DB /* Build configuration list for PBXNativeTarget "Homework1Tests" */;
			buildPhases = (
				4C6EDA7A1E395CAF00F990DB /* Sources */,
				4C6EDA7B1E395CAF00F990DB /* Frameworks */,
				4C6EDA7C1E395CAF00F990DB /* Resources */,
			);
			buildRules = (
			);
			dependencies = (
				4C6EDA801E395CAF00F990DB /* PBXTargetDependency */,
			);
			name = Homework1Tests;
			productName = Homework1Tests;
			productReference = 4C6EDA7E1E395CAF00F990DB /* Homework1Tests.xctest */;
			productType = "com.apple.product-type.bundle.unit-test";
		};
		4C6EDA881E395CAF00F990DB /* Homework1UITests */ = {
			isa = PBXNativeTarget;
			buildConfigurationList = 4C6EDA981E395CAF00F990DB /* Build configuration list for PBXNativeTarget "Homework1UITests" */;
			buildPhases = (
				4C6EDA851E395CAF00F990DB /* Sources */,
				4C6EDA861E395CAF00F990DB /* Frameworks */,
				4C6EDA871E395CAF00F990DB /* Resources */,
			);
			buildRules = (
			);
			dependencies = (
				4C6EDA8B1E395CAF00F990DB /* PBXTargetDependency */,
			);
			name = Homework1UITests;
			productName = Homework1UITests;
			productReference = 4C6EDA891E395CAF00F990DB /* Homework1UITests.xctest */;
			productType = "com.apple.product-type.bundle.ui-testing";
		};
/* End PBXNativeTarget section */

/* Begin PBXProject section */
		4C6EDA621E395CAE00F990DB /* Project object */ = {
			isa = PBXProject;
			attributes = {
				LastSwiftUpdateCheck = 0820;
				LastUpgradeCheck = 0820;
				ORGANIZATIONNAME = "Michael Ward";
				TargetAttributes = {
					4C6EDA691E395CAE00F990DB = {
						CreatedOnToolsVersion = 8.2.1;
						ProvisioningStyle = Automatic;
					};
					4C6EDA7D1E395CAF00F990DB = {
						CreatedOnToolsVersion = 8.2.1;
						ProvisioningStyle = Automatic;
						TestTargetID = 4C6EDA691E395CAE00F990DB;
					};
					4C6EDA881E395CAF00F990DB = {
						CreatedOnToolsVersion = 8.2.1;
						ProvisioningStyle = Automatic;
						TestTargetID = 4C6EDA691E395CAE00F990DB;
					};
				};
			};
			buildConfigurationList = 4C6EDA651E395CAE00F990DB /* Build configuration list for PBXProject "Homework1" */;
			compatibilityVersion = "Xcode 3.2";
			developmentRegion = English;
			hasScannedForEncodings = 0;
			knownRegions = (
				en,
				Base,
			);
			mainGroup = 4C6EDA611E395CAE00F990DB;
			productRefGroup = 4C6EDA6B1E395CAE00F990DB /* Products */;
			projectDirPath = "";
			projectRoot = "";
			targets = (
				4C6EDA691E395CAE00F990DB /* Homework1 */,
				4C6EDA7D1E395CAF00F990DB /* Homework1Tests */,
				4C6EDA881E395CAF00F990DB /* Homework1UITests */,
			);
		};
/* End PBXProject section */

/* Begin PBXResourcesBuildPhase section */
		4C6EDA681E395CAE00F990DB /* Resources */ = {
			isa = PBXResourcesBuildPhase;
			buildActionMask = 2147483647;
			files = (
				4C6EDA781E395CAE00F990DB /* LaunchScreen.storyboard in Resources */,
				4C6EDA751E395CAE00F990DB /* Assets.xcassets in Resources */,
				4C6EDA731E395CAE00F990DB /* Main.storyboard in Resources */,
			);
			runOnlyForDeploymentPostprocessing = 0;
		};
		4C6EDA7C1E395CAF00F990DB /* Resources */ = {
			isa = PBXResourcesBuildPhase;
			buildActionMask = 2147483647;
			files = (
			);
			runOnlyForDeploymentPostprocessing = 0;
		};
		4C6EDA871E395CAF00F990DB /* Resources */ = {
			isa = PBXResourcesBuildPhase;
			buildActionMask = 2147483647;
			files = (
			);
			runOnlyForDeploymentPostprocessing = 0;
		};
/* End PBXResourcesBuildPhase section */

/* Begin PBXSourcesBuildPhase section */
		4C6EDA661E395CAE00F990DB /* Sources */ = {
			isa = PBXSourcesBuildPhase;
			buildActionMask = 2147483647;
			files = (
				4C6EDA701E395CAE00F990DB /* ViewController.swift in Sources */,
				4C6EDA6E1E395CAE00F990DB /* AppDelegate.swift in Sources */,
			);
			runOnlyForDeploymentPostprocessing = 0;
		};
		4C6EDA7A1E395CAF00F990DB /* Sources */ = {
			isa = PBXSourcesBuildPhase;
			buildActionMask = 2147483647;
			files = (
				4C6EDA831E395CAF00F990DB /* Homework1Tests.swift in Sources */,
			);
			runOnlyForDeploymentPostprocessing = 0;
		};
		4C6EDA851E395CAF00F990DB /* Sources */ = {
			isa = PBXSourcesBuildPhase;
			buildActionMask = 2147483647;
			files = (
				4C6EDA8E1E395CAF00F990DB /* Homework1UITests.swift in Sources */,
			);
			runOnlyForDeploymentPostprocessing = 0;
		};
/* End PBXSourcesBuildPhase section */

/* Begin PBXTargetDependency section */
		4C6EDA801E395CAF00F990DB /* PBXTargetDependency */ = {
			isa = PBXTargetDependency;
			target = 4C6EDA691E395CAE00F990DB /* Homework1 */;
			targetProxy = 4C6EDA7F1E395CAF00F990DB /* PBXContainerItemProxy */;
		};
		4C6EDA8B1E395CAF00F990DB /* PBXTargetDependency */ = {
			isa = PBXTargetDependency;
			target = 4C6EDA691E395CAE00F990DB /* Homework1 */;
			targetProxy = 4C6EDA8A1E395CAF00F990DB /* PBXContainerItemProxy */;
		};
/* End PBXTargetDependency section */

/* Begin PBXVariantGroup section */
		4C6EDA711E395CAE00F990DB /* Main.storyboard */ = {
			isa = PBXVariantGroup;
			children = (
				4C6EDA721E395CAE00F990DB /* Base */,
			);
			name = Main.storyboard;
			sourceTree = "<group>";
		};
		4C6EDA761E395CAE00F990DB /* LaunchScreen.storyboard */ = {
			isa = PBXVariantGroup;
			children = (
				4C6EDA771E395CAE00F990DB /* Base */,
			);
			name = LaunchScreen.storyboard;
			sourceTree = "<group>";
		};
/* End PBXVariantGroup section */

/* Begin XCBuildConfiguration section */
		4C6EDA901E395CAF00F990DB /* Debug */ = {
			isa = XCBuildConfiguration;
			buildSettings = {
				ALWAYS_SEARCH_USER_PATHS = NO;
				CLANG_ANALYZER_NONNULL = YES;
				CLANG_CXX_LANGUAGE_STANDARD = "gnu++0x";
				CLANG_CXX_LIBRARY = "libc++";
				CLANG_ENABLE_MODULES = YES;
				CLANG_ENABLE_OBJC_ARC = YES;
				CLANG_WARN_BOOL_CONVERSION = YES;
				CLANG_WARN_CONSTANT_CONVERSION = YES;
				CLANG_WARN_DIRECT_OBJC_ISA_USAGE = YES_ERROR;
				CLANG_WARN_DOCUMENTATION_COMMENTS = YES;
				CLANG_WARN_EMPTY_BODY = YES;
				CLANG_WARN_ENUM_CONVERSION = YES;
				CLANG_WARN_INFINITE_RECURSION = YES;
				CLANG_WARN_INT_CONVERSION = YES;
				CLANG_WARN_OBJC_ROOT_CLASS = YES_ERROR;
				CLANG_WARN_SUSPICIOUS_MOVE = YES;
				CLANG_WARN_UNREACHABLE_CODE = YES;
				CLANG_WARN__DUPLICATE_METHOD_MATCH = YES;
				"CODE_SIGN_IDENTITY[sdk=iphoneos*]" = "iPhone Developer";
				COPY_PHASE_STRIP = NO;
				DEBUG_INFORMATION_FORMAT = dwarf;
				ENABLE_STRICT_OBJC_MSGSEND = YES;
				ENABLE_TESTABILITY = YES;
				GCC_C_LANGUAGE_STANDARD = gnu99;
				GCC_DYNAMIC_NO_PIC = NO;
				GCC_NO_COMMON_BLOCKS = YES;
				GCC_OPTIMIZATION_LEVEL = 0;
				GCC_PREPROCESSOR_DEFINITIONS = (
					"DEBUG=1",
					"$(inherited)",
				);
				GCC_WARN_64_TO_32_BIT_CONVERSION = YES;
				GCC_WARN_ABOUT_RETURN_TYPE = YES_ERROR;
				GCC_WARN_UNDECLARED_SELECTOR = YES;
				GCC_WARN_UNINITIALIZED_AUTOS = YES_AGGRESSIVE;
				GCC_WARN_UNUSED_FUNCTION = YES;
				GCC_WARN_UNUSED_VARIABLE = YES;
				IPHONEOS_DEPLOYMENT_TARGET = 10.2;
				MTL_ENABLE_DEBUG_INFO = YES;
				ONLY_ACTIVE_ARCH = YES;
				SDKROOT = iphoneos;
				SWIFT_ACTIVE_COMPILATION_CONDITIONS = DEBUG;
				SWIFT_OPTIMIZATION_LEVEL = "-Onone";
				TARGETED_DEVICE_FAMILY = "1,2";
			};
			name = Debug;
		};
		4C6EDA911E395CAF00F990DB /* Release */ = {
			isa = XCBuildConfiguration;
			buildSettings = {
				ALWAYS_SEARCH_USER_PATHS = NO;
				CLANG_ANALYZER_NONNULL = YES;
				CLANG_CXX_LANGUAGE_STANDARD = "gnu++0x";
				CLANG_CXX_LIBRARY = "libc++";
				CLANG_ENABLE_MODULES = YES;
				CLANG_ENABLE_OBJC_ARC = YES;
				CLANG_WARN_BOOL_CONVERSION = YES;
				CLANG_WARN_CONSTANT_CONVERSION = YES;
				CLANG_WARN_DIRECT_OBJC_ISA_USAGE = YES_ERROR;
				CLANG_WARN_DOCUMENTATION_COMMENTS = YES;
				CLANG_WARN_EMPTY_BODY = YES;
				CLANG_WARN_ENUM_CONVERSION = YES;
				CLANG_WARN_INFINITE_RECURSION = YES;
				CLANG_WARN_INT_CONVERSION = YES;
				CLANG_WARN_OBJC_ROOT_CLASS = YES_ERROR;
				CLANG_WARN_SUSPICIOUS_MOVE = YES;
				CLANG_WARN_UNREACHABLE_CODE = YES;
				CLANG_WARN__DUPLICATE_METHOD_MATCH = YES;
				"CODE_SIGN_IDENTITY[sdk=iphoneos*]" = "iPhone Developer";
				COPY_PHASE_STRIP = NO;
				DEBUG_INFORMATION_FORMAT = "dwarf-with-dsym";
				ENABLE_NS_ASSERTIONS = NO;
				ENABLE_STRICT_OBJC_MSGSEND = YES;
				GCC_C_LANGUAGE_STANDARD = gnu99;
				GCC_NO_COMMON_BLOCKS = YES;
				GCC_WARN_64_TO_32_BIT_CONVERSION = YES;
				GCC_WARN_ABOUT_RETURN_TYPE = YES_ERROR;
				GCC_WARN_UNDECLARED_SELECTOR = YES;
				GCC_WARN_UNINITIALIZED_AUTOS = YES_AGGRESSIVE;
				GCC_WARN_UNUSED_FUNCTION = YES;
				GCC_WARN_UNUSED_VARIABLE = YES;
				IPHONEOS_DEPLOYMENT_TARGET = 10.2;
				MTL_ENABLE_DEBUG_INFO = NO;
				SDKROOT = iphoneos;
				SWIFT_OPTIMIZATION_LEVEL = "-Owholemodule";
				TARGETED_DEVICE_FAMILY = "1,2";
				VALIDATE_PRODUCT = YES;
			};
			name = Release;
		};
		4C6EDA931E395CAF00F990DB /* Debug */ = {
			isa = XCBuildConfiguration;
			buildSettings = {
				ASSETCATALOG_COMPILER_APPICON_NAME = AppIcon;
				INFOPLIST_FILE = Homework1/Info.plist;
				LD_RUNPATH_SEARCH_PATHS = "$(inherited) @executable_path/Frameworks";
				PRODUCT_BUNDLE_IDENTIFIER = Ward.Homework1;
				PRODUCT_NAME = "$(TARGET_NAME)";
				SWIFT_VERSION = 3.0;
			};
			name = Debug;
		};
		4C6EDA941E395CAF00F990DB /* Release */ = {
			isa = XCBuildConfiguration;
			buildSettings = {
				ASSETCATALOG_COMPILER_APPICON_NAME = AppIcon;
				INFOPLIST_FILE = Homework1/Info.plist;
				LD_RUNPATH_SEARCH_PATHS = "$(inherited) @executable_path/Frameworks";
				PRODUCT_BUNDLE_IDENTIFIER = Ward.Homework1;
				PRODUCT_NAME = "$(TARGET_NAME)";
				SWIFT_VERSION = 3.0;
			};
			name = Release;
		};
		4C6EDA961E395CAF00F990DB /* Debug */ = {
			isa = XCBuildConfiguration;
			buildSettings = {
				ALWAYS_EMBED_SWIFT_STANDARD_LIBRARIES = YES;
				BUNDLE_LOADER = "$(TEST_HOST)";
				INFOPLIST_FILE = Homework1Tests/Info.plist;
				LD_RUNPATH_SEARCH_PATHS = "$(inherited) @executable_path/Frameworks @loader_path/Frameworks";
				PRODUCT_BUNDLE_IDENTIFIER = Ward.Homework1Tests;
				PRODUCT_NAME = "$(TARGET_NAME)";
				SWIFT_VERSION = 3.0;
				TEST_HOST = "$(BUILT_PRODUCTS_DIR)/Homework1.app/Homework1";
			};
			name = Debug;
		};
		4C6EDA971E395CAF00F990DB /* Release */ = {
			isa = XCBuildConfiguration;
			buildSettings = {
				ALWAYS_EMBED_SWIFT_STANDARD_LIBRARIES = YES;
				BUNDLE_LOADER = "$(TEST_HOST)";
				INFOPLIST_FILE = Homework1Tests/Info.plist;
				LD_RUNPATH_SEARCH_PATHS = "$(inherited) @executable_path/Frameworks @loader_path/Frameworks";
				PRODUCT_BUNDLE_IDENTIFIER = Ward.Homework1Tests;
				PRODUCT_NAME = "$(TARGET_NAME)";
				SWIFT_VERSION = 3.0;
				TEST_HOST = "$(BUILT_PRODUCTS_DIR)/Homework1.app/Homework1";
			};
			name = Release;
		};
		4C6EDA991E395CAF00F990DB /* Debug */ = {
			isa = XCBuildConfiguration;
			buildSettings = {
				ALWAYS_EMBED_SWIFT_STANDARD_LIBRARIES = YES;
				INFOPLIST_FILE = Homework1UITests/Info.plist;
				LD_RUNPATH_SEARCH_PATHS = "$(inherited) @executable_path/Frameworks @loader_path/Frameworks";
				PRODUCT_BUNDLE_IDENTIFIER = Ward.Homework1UITests;
				PRODUCT_NAME = "$(TARGET_NAME)";
				SWIFT_VERSION = 3.0;
				TEST_TARGET_NAME = Homework1;
			};
			name = Debug;
		};
		4C6EDA9A1E395CAF00F990DB /* Release */ = {
			isa = XCBuildConfiguration;
			buildSettings = {
				ALWAYS_EMBED_SWIFT_STANDARD_LIBRARIES = YES;
				INFOPLIST_FILE = Homework1UITests/Info.plist;
				LD_RUNPATH_SEARCH_PATHS = "$(inherited) @executable_path/Frameworks @loader_path/Frameworks";
				PRODUCT_BUNDLE_IDENTIFIER = Ward.Homework1UITests;
				PRODUCT_NAME = "$(TARGET_NAME)";
				SWIFT_VERSION = 3.0;
				TEST_TARGET_NAME = Homework1;
			};
			name = Release;
		};
/* End XCBuildConfiguration section */

/* Begin XCConfigurationList section */
		4C6EDA651E395CAE00F990DB /* Build configuration list for PBXProject "Homework1" */ = {
			isa = XCConfigurationList;
			buildConfigurations = (
				4C6EDA901E395CAF00F990DB /* Debug */,
				4C6EDA911E395CAF00F990DB /* Release */,
			);
			defaultConfigurationIsVisible = 0;
			defaultConfigurationName = Release;
		};
		4C6EDA921E395CAF00F990DB /* Build configuration list for PBXNativeTarget "Homework1" */ = {
			isa = XCConfigurationList;
			buildConfigurations = (
				4C6EDA931E395CAF00F990DB /* Debug */,
				4C6EDA941E395CAF00F990DB /* Release */,
			);
			defaultConfigurationIsVisible = 0;
		};
		4C6EDA951E395CAF00F990DB /* Build configuration list for PBXNativeTarget "Homework1Tests" */ = {
			isa = XCConfigurationList;
			buildConfigurations = (
				4C6EDA961E395CAF00F990DB /* Debug */,
				4C6EDA971E395CAF00F990DB /* Release */,
			);
			defaultConfigurationIsVisible = 0;
		};
		4C6EDA981E395CAF00F990DB /* Build configuration list for PBXNativeTarget "Homework1UITests" */ = {
			isa = XCConfigurationList;
			buildConfigurations = (
				4C6EDA991E395CAF00F990DB /* Debug */,
				4C6EDA9A1E395CAF00F990DB /* Release */,
			);
			defaultConfigurationIsVisible = 0;
		};
/* End XCConfigurationList section */
	};
	rootObject = 4C6EDA621E395CAE00F990DB /* Project object */;
}
