// !$*UTF8*$!
{
	archiveVersion = 1;
	classes = {
	};
	objectVersion = 46;
	objects = {

/* Begin PBXBuildFile section */
		4C9CD0281E4E5CBF006FD0DF /* AppDelegate.swift in Sources */ = {isa = PBXBuildFile; fileRef = 4C9CD0271E4E5CBF006FD0DF /* AppDelegate.swift */; };
		4C9CD02A1E4E5CBF006FD0DF /* SearchViewController.swift in Sources */ = {isa = PBXBuildFile; fileRef = 4C9CD0291E4E5CBF006FD0DF /* SearchViewController.swift */; };
		4C9CD02D1E4E5CBF006FD0DF /* Main.storyboard in Resources */ = {isa = PBXBuildFile; fileRef = 4C9CD02B1E4E5CBF006FD0DF /* Main.storyboard */; };
		4C9CD0301E4E5CBF006FD0DF /* SpotifySaving.xcdatamodeld in Sources */ = {isa = PBXBuildFile; fileRef = 4C9CD02E1E4E5CBF006FD0DF /* SpotifySaving.xcdatamodeld */; };
		4C9CD0321E4E5CBF006FD0DF /* Assets.xcassets in Resources */ = {isa = PBXBuildFile; fileRef = 4C9CD0311E4E5CBF006FD0DF /* Assets.xcassets */; };
		4C9CD0351E4E5CBF006FD0DF /* LaunchScreen.storyboard in Resources */ = {isa = PBXBuildFile; fileRef = 4C9CD0331E4E5CBF006FD0DF /* LaunchScreen.storyboard */; };
		4C9CD03D1E4E5D21006FD0DF /* Store.swift in Sources */ = {isa = PBXBuildFile; fileRef = 4C9CD03C1E4E5D21006FD0DF /* Store.swift */; };
		4C9CD0401E4E5F5D006FD0DF /* Track+CoreDataClass.swift in Sources */ = {isa = PBXBuildFile; fileRef = 4C9CD03E1E4E5F5D006FD0DF /* Track+CoreDataClass.swift */; };
		4C9CD0411E4E5F5D006FD0DF /* Track+CoreDataProperties.swift in Sources */ = {isa = PBXBuildFile; fileRef = 4C9CD03F1E4E5F5D006FD0DF /* Track+CoreDataProperties.swift */; };
		4C9CD0441E4E6087006FD0DF /* SpotifyManager.swift in Sources */ = {isa = PBXBuildFile; fileRef = 4C9CD0421E4E6087006FD0DF /* SpotifyManager.swift */; };
		4C9CD0451E4E6087006FD0DF /* SpotifyTrack.swift in Sources */ = {isa = PBXBuildFile; fileRef = 4C9CD0431E4E6087006FD0DF /* SpotifyTrack.swift */; };
/* End PBXBuildFile section */

/* Begin PBXFileReference section */
		4C9CD0241E4E5CBF006FD0DF /* SpotifySaving.app */ = {isa = PBXFileReference; explicitFileType = wrapper.application; includeInIndex = 0; path = SpotifySaving.app; sourceTree = BUILT_PRODUCTS_DIR; };
		4C9CD0271E4E5CBF006FD0DF /* AppDelegate.swift */ = {isa = PBXFileReference; lastKnownFileType = sourcecode.swift; path = AppDelegate.swift; sourceTree = "<group>"; };
		4C9CD0291E4E5CBF006FD0DF /* SearchViewController.swift */ = {isa = PBXFileReference; lastKnownFileType = sourcecode.swift; path = SearchViewController.swift; sourceTree = "<group>"; };
		4C9CD02C1E4E5CBF006FD0DF /* Base */ = {isa = PBXFileReference; lastKnownFileType = file.storyboard; name = Base; path = Base.lproj/Main.storyboard; sourceTree = "<group>"; };
		4C9CD02F1E4E5CBF006FD0DF /* SpotifySaving.xcdatamodel */ = {isa = PBXFileReference; lastKnownFileType = wrapper.xcdatamodel; path = SpotifySaving.xcdatamodel; sourceTree = "<group>"; };
		4C9CD0311E4E5CBF006FD0DF /* Assets.xcassets */ = {isa = PBXFileReference; lastKnownFileType = folder.assetcatalog; path = Assets.xcassets; sourceTree = "<group>"; };
		4C9CD0341E4E5CBF006FD0DF /* Base */ = {isa = PBXFileReference; lastKnownFileType = file.storyboard; name = Base; path = Base.lproj/LaunchScreen.storyboard; sourceTree = "<group>"; };
		4C9CD0361E4E5CBF006FD0DF /* Info.plist */ = {isa = PBXFileReference; lastKnownFileType = text.plist.xml; path = Info.plist; sourceTree = "<group>"; };
		4C9CD03C1E4E5D21006FD0DF /* Store.swift */ = {isa = PBXFileReference; fileEncoding = 4; lastKnownFileType = sourcecode.swift; path = Store.swift; sourceTree = "<group>"; };
		4C9CD03E1E4E5F5D006FD0DF /* Track+CoreDataClass.swift */ = {isa = PBXFileReference; fileEncoding = 4; lastKnownFileType = sourcecode.swift; name = "Track+CoreDataClass.swift"; path = "SpotifySaving/Track+CoreDataClass.swift"; sourceTree = "<group>"; };
		4C9CD03F1E4E5F5D006FD0DF /* Track+CoreDataProperties.swift */ = {isa = PBXFileReference; fileEncoding = 4; lastKnownFileType = sourcecode.swift; name = "Track+CoreDataProperties.swift"; path = "SpotifySaving/Track+CoreDataProperties.swift"; sourceTree = "<group>"; };
		4C9CD0421E4E6087006FD0DF /* SpotifyManager.swift */ = {isa = PBXFileReference; fileEncoding = 4; lastKnownFileType = sourcecode.swift; path = SpotifyManager.swift; sourceTree = "<group>"; };
		4C9CD0431E4E6087006FD0DF /* SpotifyTrack.swift */ = {isa = PBXFileReference; fileEncoding = 4; lastKnownFileType = sourcecode.swift; path = SpotifyTrack.swift; sourceTree = "<group>"; };
/* End PBXFileReference section */

/* Begin PBXFrameworksBuildPhase section */
		4C9CD0211E4E5CBF006FD0DF /* Frameworks */ = {
			isa = PBXFrameworksBuildPhase;
			buildActionMask = 2147483647;
			files = (
			);
			runOnlyForDeploymentPostprocessing = 0;
		};
/* End PBXFrameworksBuildPhase section */

/* Begin PBXGroup section */
		4C9CD01B1E4E5CBF006FD0DF = {
			isa = PBXGroup;
			children = (
				4C9CD03E1E4E5F5D006FD0DF /* Track+CoreDataClass.swift */,
				4C9CD03F1E4E5F5D006FD0DF /* Track+CoreDataProperties.swift */,
				4C9CD0261E4E5CBF006FD0DF /* SpotifySaving */,
				4C9CD0251E4E5CBF006FD0DF /* Products */,
			);
			sourceTree = "<group>";
		};
		4C9CD0251E4E5CBF006FD0DF /* Products */ = {
			isa = PBXGroup;
			children = (
				4C9CD0241E4E5CBF006FD0DF /* SpotifySaving.app */,
			);
			name = Products;
			sourceTree = "<group>";
		};
		4C9CD0261E4E5CBF006FD0DF /* SpotifySaving */ = {
			isa = PBXGroup;
			children = (
				4C9CD0271E4E5CBF006FD0DF /* AppDelegate.swift */,
				4C9CD0421E4E6087006FD0DF /* SpotifyManager.swift */,
				4C9CD0431E4E6087006FD0DF /* SpotifyTrack.swift */,
				4C9CD0291E4E5CBF006FD0DF /* SearchViewController.swift */,
				4C9CD02B1E4E5CBF006FD0DF /* Main.storyboard */,
				4C9CD0311E4E5CBF006FD0DF /* Assets.xcassets */,
				4C9CD0331E4E5CBF006FD0DF /* LaunchScreen.storyboard */,
				4C9CD03C1E4E5D21006FD0DF /* Store.swift */,
				4C9CD0361E4E5CBF006FD0DF /* Info.plist */,
				4C9CD02E1E4E5CBF006FD0DF /* SpotifySaving.xcdatamodeld */,
			);
			path = SpotifySaving;
			sourceTree = "<group>";
		};
/* End PBXGroup section */

/* Begin PBXNativeTarget section */
		4C9CD0231E4E5CBF006FD0DF /* SpotifySaving */ = {
			isa = PBXNativeTarget;
			buildConfigurationList = 4C9CD0391E4E5CBF006FD0DF /* Build configuration list for PBXNativeTarget "SpotifySaving" */;
			buildPhases = (
				4C9CD0201E4E5CBF006FD0DF /* Sources */,
				4C9CD0211E4E5CBF006FD0DF /* Frameworks */,
				4C9CD0221E4E5CBF006FD0DF /* Resources */,
			);
			buildRules = (
			);
			dependencies = (
			);
			name = SpotifySaving;
			productName = SpotifySaving;
			productReference = 4C9CD0241E4E5CBF006FD0DF /* SpotifySaving.app */;
			productType = "com.apple.product-type.application";
		};
/* End PBXNativeTarget section */

/* Begin PBXProject section */
		4C9CD01C1E4E5CBF006FD0DF /* Project object */ = {
			isa = PBXProject;
			attributes = {
				LastSwiftUpdateCheck = 0820;
				LastUpgradeCheck = 0820;
				ORGANIZATIONNAME = "Michael Ward";
				TargetAttributes = {
					4C9CD0231E4E5CBF006FD0DF = {
						CreatedOnToolsVersion = 8.2.1;
						ProvisioningStyle = Automatic;
					};
				};
			};
			buildConfigurationList = 4C9CD01F1E4E5CBF006FD0DF /* Build configuration list for PBXProject "SpotifySaving" */;
			compatibilityVersion = "Xcode 3.2";
			developmentRegion = English;
			hasScannedForEncodings = 0;
			knownRegions = (
				en,
				Base,
			);
			mainGroup = 4C9CD01B1E4E5CBF006FD0DF;
			productRefGroup = 4C9CD0251E4E5CBF006FD0DF /* Products */;
			projectDirPath = "";
			projectRoot = "";
			targets = (
				4C9CD0231E4E5CBF006FD0DF /* SpotifySaving */,
			);
		};
/* End PBXProject section */

/* Begin PBXResourcesBuildPhase section */
		4C9CD0221E4E5CBF006FD0DF /* Resources */ = {
			isa = PBXResourcesBuildPhase;
			buildActionMask = 2147483647;
			files = (
				4C9CD0351E4E5CBF006FD0DF /* LaunchScreen.storyboard in Resources */,
				4C9CD0321E4E5CBF006FD0DF /* Assets.xcassets in Resources */,
				4C9CD02D1E4E5CBF006FD0DF /* Main.storyboard in Resources */,
			);
			runOnlyForDeploymentPostprocessing = 0;
		};
/* End PBXResourcesBuildPhase section */

/* Begin PBXSourcesBuildPhase section */
		4C9CD0201E4E5CBF006FD0DF /* Sources */ = {
			isa = PBXSourcesBuildPhase;
			buildActionMask = 2147483647;
			files = (
				4C9CD0451E4E6087006FD0DF /* SpotifyTrack.swift in Sources */,
				4C9CD0401E4E5F5D006FD0DF /* Track+CoreDataClass.swift in Sources */,
				4C9CD0441E4E6087006FD0DF /* SpotifyManager.swift in Sources */,
				4C9CD0301E4E5CBF006FD0DF /* SpotifySaving.xcdatamodeld in Sources */,
				4C9CD02A1E4E5CBF006FD0DF /* SearchViewController.swift in Sources */,
				4C9CD0281E4E5CBF006FD0DF /* AppDelegate.swift in Sources */,
				4C9CD03D1E4E5D21006FD0DF /* Store.swift in Sources */,
				4C9CD0411E4E5F5D006FD0DF /* Track+CoreDataProperties.swift in Sources */,
			);
			runOnlyForDeploymentPostprocessing = 0;
		};
/* End PBXSourcesBuildPhase section */

/* Begin PBXVariantGroup section */
		4C9CD02B1E4E5CBF006FD0DF /* Main.storyboard */ = {
			isa = PBXVariantGroup;
			children = (
				4C9CD02C1E4E5CBF006FD0DF /* Base */,
			);
			name = Main.storyboard;
			sourceTree = "<group>";
		};
		4C9CD0331E4E5CBF006FD0DF /* LaunchScreen.storyboard */ = {
			isa = PBXVariantGroup;
			children = (
				4C9CD0341E4E5CBF006FD0DF /* Base */,
			);
			name = LaunchScreen.storyboard;
			sourceTree = "<group>";
		};
/* End PBXVariantGroup section */

/* Begin XCBuildConfiguration section */
		4C9CD0371E4E5CBF006FD0DF /* Debug */ = {
			isa = XCBuildConfiguration;
			buildSettings = {
				ALWAYS_SEARCH_USER_PATHS = NO;
				CLANG_ANALYZER_NONNULL = YES;
				CLANG_CXX_LANGUAGE_STANDARD = "gnu++0x";
				CLANG_CXX_LIBRARY = "libc++";
				CLANG_ENABLE_MODULES = YES;
				CLANG_ENABLE_OBJC_ARC = YES;
				CLANG_WARN_BOOL_CONVERSION = YES;
				CLANG_WARN_CONSTANT_CONVERSION = YES;
				CLANG_WARN_DIRECT_OBJC_ISA_USAGE = YES_ERROR;
				CLANG_WARN_DOCUMENTATION_COMMENTS = YES;
				CLANG_WARN_EMPTY_BODY = YES;
				CLANG_WARN_ENUM_CONVERSION = YES;
				CLANG_WARN_INFINITE_RECURSION = YES;
				CLANG_WARN_INT_CONVERSION = YES;
				CLANG_WARN_OBJC_ROOT_CLASS = YES_ERROR;
				CLANG_WARN_SUSPICIOUS_MOVE = YES;
				CLANG_WARN_UNREACHABLE_CODE = YES;
				CLANG_WARN__DUPLICATE_METHOD_MATCH = YES;
				"CODE_SIGN_IDENTITY[sdk=iphoneos*]" = "iPhone Developer";
				COPY_PHASE_STRIP = NO;
				DEBUG_INFORMATION_FORMAT = dwarf;
				ENABLE_STRICT_OBJC_MSGSEND = YES;
				ENABLE_TESTABILITY = YES;
				GCC_C_LANGUAGE_STANDARD = gnu99;
				GCC_DYNAMIC_NO_PIC = NO;
				GCC_NO_COMMON_BLOCKS = YES;
				GCC_OPTIMIZATION_LEVEL = 0;
				GCC_PREPROCESSOR_DEFINITIONS = (
					"DEBUG=1",
					"$(inherited)",
				);
				GCC_WARN_64_TO_32_BIT_CONVERSION = YES;
				GCC_WARN_ABOUT_RETURN_TYPE = YES_ERROR;
				GCC_WARN_UNDECLARED_SELECTOR = YES;
				GCC_WARN_UNINITIALIZED_AUTOS = YES_AGGRESSIVE;
				GCC_WARN_UNUSED_FUNCTION = YES;
				GCC_WARN_UNUSED_VARIABLE = YES;
				IPHONEOS_DEPLOYMENT_TARGET = 10.2;
				MTL_ENABLE_DEBUG_INFO = YES;
				ONLY_ACTIVE_ARCH = YES;
				SDKROOT = iphoneos;
				SWIFT_ACTIVE_COMPILATION_CONDITIONS = DEBUG;
				SWIFT_OPTIMIZATION_LEVEL = "-Onone";
				TARGETED_DEVICE_FAMILY = "1,2";
			};
			name = Debug;
		};
		4C9CD0381E4E5CBF006FD0DF /* Release */ = {
			isa = XCBuildConfiguration;
			buildSettings = {
				ALWAYS_SEARCH_USER_PATHS = NO;
				CLANG_ANALYZER_NONNULL = YES;
				CLANG_CXX_LANGUAGE_STANDARD = "gnu++0x";
				CLANG_CXX_LIBRARY = "libc++";
				CLANG_ENABLE_MODULES = YES;
				CLANG_ENABLE_OBJC_ARC = YES;
				CLANG_WARN_BOOL_CONVERSION = YES;
				CLANG_WARN_CONSTANT_CONVERSION = YES;
				CLANG_WARN_DIRECT_OBJC_ISA_USAGE = YES_ERROR;
				CLANG_WARN_DOCUMENTATION_COMMENTS = YES;
				CLANG_WARN_EMPTY_BODY = YES;
				CLANG_WARN_ENUM_CONVERSION = YES;
				CLANG_WARN_INFINITE_RECURSION = YES;
				CLANG_WARN_INT_CONVERSION = YES;
				CLANG_WARN_OBJC_ROOT_CLASS = YES_ERROR;
				CLANG_WARN_SUSPICIOUS_MOVE = YES;
				CLANG_WARN_UNREACHABLE_CODE = YES;
				CLANG_WARN__DUPLICATE_METHOD_MATCH = YES;
				"CODE_SIGN_IDENTITY[sdk=iphoneos*]" = "iPhone Developer";
				COPY_PHASE_STRIP = NO;
				DEBUG_INFORMATION_FORMAT = "dwarf-with-dsym";
				ENABLE_NS_ASSERTIONS = NO;
				ENABLE_STRICT_OBJC_MSGSEND = YES;
				GCC_C_LANGUAGE_STANDARD = gnu99;
				GCC_NO_COMMON_BLOCKS = YES;
				GCC_WARN_64_TO_32_BIT_CONVERSION = YES;
				GCC_WARN_ABOUT_RETURN_TYPE = YES_ERROR;
				GCC_WARN_UNDECLARED_SELECTOR = YES;
				GCC_WARN_UNINITIALIZED_AUTOS = YES_AGGRESSIVE;
				GCC_WARN_UNUSED_FUNCTION = YES;
				GCC_WARN_UNUSED_VARIABLE = YES;
				IPHONEOS_DEPLOYMENT_TARGET = 10.2;
				MTL_ENABLE_DEBUG_INFO = NO;
				SDKROOT = iphoneos;
				SWIFT_OPTIMIZATION_LEVEL = "-Owholemodule";
				TARGETED_DEVICE_FAMILY = "1,2";
				VALIDATE_PRODUCT = YES;
			};
			name = Release;
		};
		4C9CD03A1E4E5CBF006FD0DF /* Debug */ = {
			isa = XCBuildConfiguration;
			buildSettings = {
				ASSETCATALOG_COMPILER_APPICON_NAME = AppIcon;
				INFOPLIST_FILE = SpotifySaving/Info.plist;
				LD_RUNPATH_SEARCH_PATHS = "$(inherited) @executable_path/Frameworks";
				PRODUCT_BUNDLE_IDENTIFIER = Ward.SpotifySaving;
				PRODUCT_NAME = "$(TARGET_NAME)";
				SWIFT_VERSION = 3.0;
			};
			name = Debug;
		};
		4C9CD03B1E4E5CBF006FD0DF /* Release */ = {
			isa = XCBuildConfiguration;
			buildSettings = {
				ASSETCATALOG_COMPILER_APPICON_NAME = AppIcon;
				INFOPLIST_FILE = SpotifySaving/Info.plist;
				LD_RUNPATH_SEARCH_PATHS = "$(inherited) @executable_path/Frameworks";
				PRODUCT_BUNDLE_IDENTIFIER = Ward.SpotifySaving;
				PRODUCT_NAME = "$(TARGET_NAME)";
				SWIFT_VERSION = 3.0;
			};
			name = Release;
		};
/* End XCBuildConfiguration section */

/* Begin XCConfigurationList section */
		4C9CD01F1E4E5CBF006FD0DF /* Build configuration list for PBXProject "SpotifySaving" */ = {
			isa = XCConfigurationList;
			buildConfigurations = (
				4C9CD0371E4E5CBF006FD0DF /* Debug */,
				4C9CD0381E4E5CBF006FD0DF /* Release */,
			);
			defaultConfigurationIsVisible = 0;
			defaultConfigurationName = Release;
		};
		4C9CD0391E4E5CBF006FD0DF /* Build configuration list for PBXNativeTarget "SpotifySaving" */ = {
			isa = XCConfigurationList;
			buildConfigurations = (
				4C9CD03A1E4E5CBF006FD0DF /* Debug */,
				4C9CD03B1E4E5CBF006FD0DF /* Release */,
			);
			defaultConfigurationIsVisible = 0;
		};
/* End XCConfigurationList section */

/* Begin XCVersionGroup section */
		4C9CD02E1E4E5CBF006FD0DF /* SpotifySaving.xcdatamodeld */ = {
			isa = XCVersionGroup;
			children = (
				4C9CD02F1E4E5CBF006FD0DF /* SpotifySaving.xcdatamodel */,
			);
			currentVersion = 4C9CD02F1E4E5CBF006FD0DF /* SpotifySaving.xcdatamodel */;
			path = SpotifySaving.xcdatamodeld;
			sourceTree = "<group>";
			versionGroupType = wrapper.xcdatamodel;
		};
/* End XCVersionGroup section */
	};
	rootObject = 4C9CD01C1E4E5CBF006FD0DF /* Project object */;
}
